
Microsoft Visual Studio Solution File, Format Version 12.00
# Visual Studio Version 16
VisualStudioVersion = 16.0.30406.217
MinimumVisualStudioVersion = 10.0.40219.1
Project("{FAE04EC0-301F-11D3-BF4B-00C04F79EFBC}") = "Minecraft_Discord_Bot", "Minecraft_Discord_Bot\Minecraft_Discord_Bot.csproj", "{439534E2-4910-4981-8289-63BDB5548B01}"
EndProject
Global
	GlobalSection(SolutionConfigurationPlatforms) = preSolution
		Debug|Any CPU = Debug|Any CPU
		Release|Any CPU = Release|Any CPU
	EndGlobalSection
	GlobalSection(ProjectConfigurationPlatforms) = postSolution
		{439534E2-4910-4981-8289-63BDB5548B01}.Debug|Any CPU.ActiveCfg = Debug|Any CPU
		{439534E2-4910-4981-8289-63BDB5548B01}.Debug|Any CPU.Build.0 = Debug|Any CPU
		{439534E2-4910-4981-8289-63BDB5548B01}.Release|Any CPU.ActiveCfg = Release|Any CPU
		{439534E2-4910-4981-8289-63BDB5548B01}.Release|Any CPU.Build.0 = Release|Any CPU
	EndGlobalSection
	GlobalSection(SolutionProperties) = preSolution
		HideSolutionNode = FALSE
	EndGlobalSection
	GlobalSection(ExtensibilityGlobals) = postSolution
		SolutionGuid = {ADE30126-B978-44B5-B7F5-F733A41A2446}
	EndGlobalSection
EndGlobal
